{
  "nodes": {
    "flake-parts": {
      "inputs": {
        "nixpkgs-lib": [
          "neovim-nightly-overlay",
          "nixpkgs"
        ]
      },
      "locked": {
        "lastModified": 1763759067,
        "narHash": "sha256-LlLt2Jo/gMNYAwOgdRQBrsRoOz7BPRkzvNaI/fzXi2Q=",
        "owner": "hercules-ci",
        "repo": "flake-parts",
        "rev": "2cccadc7357c0ba201788ae99c4dfa90728ef5e0",
        "type": "github"
      },
      "original": {
        "owner": "hercules-ci",
        "repo": "flake-parts",
        "type": "github"
      }
    },
    "home-manager": {
      "inputs": {
        "nixpkgs": [
          "nixpkgs"
        ]
      },
      "locked": {
        "lastModified": 1764636297,
        "narHash": "sha256-S41K55kw+hWgDfgKmZ9/fMZ3F0BQDMvqFfE120fMHeE=",
        "owner": "nix-community",
        "repo": "home-manager",
        "rev": "ff067cfc619fdf6f82d50344e7d19ff2323f0827",
        "type": "github"
      },
      "original": {
        "owner": "nix-community",
        "repo": "home-manager",
        "type": "github"
      }
    },
    "lan-mouse": {
      "inputs": {
        "nixpkgs": [
          "nixpkgs"
        ],
        "rust-overlay": "rust-overlay"
      },
      "locked": {
        "lastModified": 1762189458,
        "narHash": "sha256-y3TGE5tEq6+72AlfxG3ucGHWs3hoEpNyQwnHdwYR9lo=",
        "owner": "feschber",
        "repo": "lan-mouse",
        "rev": "640fa995a4ae3c5a0aaaafe04857930979edc220",
        "type": "github"
      },
      "original": {
        "owner": "feschber",
        "repo": "lan-mouse",
        "type": "github"
      }
    },
    "neovim-nightly-overlay": {
      "inputs": {
        "flake-parts": "flake-parts",
        "neovim-src": "neovim-src",
        "nixpkgs": [
          "nixpkgs"
        ]
      },
      "locked": {
        "lastModified": 1764633920,
        "narHash": "sha256-kGypzQxhJAwnfTNIfHRDTFO2PYbspU+OBfQBD6ncZU4=",
        "owner": "nix-community",
        "repo": "neovim-nightly-overlay",
        "rev": "1da4af182bc9cede73ec72a7e14c69ca5087faeb",
        "type": "github"
      },
      "original": {
        "owner": "nix-community",
        "repo": "neovim-nightly-overlay",
        "type": "github"
      }
    },
    "neovim-src": {
      "flake": false,
      "locked": {
        "lastModified": 1764626050,
        "narHash": "sha256-Ils7KcQgF3Pdv9LUp7NTkDlmI16uH060RTlTo+zClcg=",
        "owner": "neovim",
        "repo": "neovim",
        "rev": "b058a801e7515dd09154f60d7de0219f92635fb8",
        "type": "github"
      },
      "original": {
        "owner": "neovim",
        "repo": "neovim",
        "type": "github"
      }
    },
    "nil": {
      "inputs": {
        "nixpkgs": [
          "nixpkgs"
        ]
      },
      "locked": {
        "lastModified": 1757219451,
        "narHash": "sha256-ImGN436GYd50HjoKTeRK+kWYIU/7PkDv15UmoUCPDUk=",
        "owner": "oxalica",
        "repo": "nil",
        "rev": "01e573c9e31ba3be7eaa848ba7dfcbd04260163e",
        "type": "github"
      },
      "original": {
        "owner": "oxalica",
        "repo": "nil",
        "type": "github"
      }
    },
    "nix-index-database": {
      "inputs": {
        "nixpkgs": [
          "nixpkgs"
        ]
      },
      "locked": {
        "lastModified": 1764475780,
        "narHash": "sha256-77jL5H5x51ksLiOUDjY0ZK8e2T4ZXLhj3ap8ETvknWI=",
        "owner": "nix-community",
        "repo": "nix-index-database",
        "rev": "5a3ff8c1a09003f399f43d5742d893c0b1ab8af0",
        "type": "github"
      },
      "original": {
        "owner": "nix-community",
        "repo": "nix-index-database",
        "type": "github"
      }
    },
    "nixos-hardware": {
      "locked": {
        "lastModified": 1764440730,
        "narHash": "sha256-ZlJTNLUKQRANlLDomuRWLBCH5792x+6XUJ4YdFRjtO4=",
        "owner": "NixOS",
        "repo": "nixos-hardware",
        "rev": "9154f4569b6cdfd3c595851a6ba51bfaa472d9f3",
        "type": "github"
      },
      "original": {
        "owner": "NixOS",
        "ref": "master",
        "repo": "nixos-hardware",
        "type": "github"
      }
    },
    "nixpkgs": {
      "locked": {
        "lastModified": 1764517877,
        "narHash": "sha256-pp3uT4hHijIC8JUK5MEqeAWmParJrgBVzHLNfJDZxg4=",
        "owner": "nixos",
        "repo": "nixpkgs",
        "rev": "2d293cbfa5a793b4c50d17c05ef9e385b90edf6c",
        "type": "github"
      },
      "original": {
        "owner": "nixos",
        "ref": "nixos-unstable",
        "repo": "nixpkgs",
        "type": "github"
      }
    },
    "root": {
      "inputs": {
        "home-manager": "home-manager",
        "lan-mouse": "lan-mouse",
        "neovim-nightly-overlay": "neovim-nightly-overlay",
        "nil": "nil",
        "nix-index-database": "nix-index-database",
        "nixos-hardware": "nixos-hardware",
        "nixpkgs": "nixpkgs"
      }
    },
    "rust-overlay": {
      "inputs": {
        "nixpkgs": [
          "lan-mouse",
          "nixpkgs"
        ]
      },
      "locked": {
        "lastModified": 1752806774,
        "narHash": "sha256-4cHeoR2roN7d/3J6gT+l6o7J2hTrBIUiCwVdDNMeXzE=",
        "owner": "oxalica",
        "repo": "rust-overlay",
        "rev": "3c90219b3ba1c9790c45a078eae121de48a39c55",
        "type": "github"
      },
      "original": {
        "owner": "oxalica",
        "repo": "rust-overlay",
        "type": "github"
      }
    }
  },
  "root": "root",
  "version": 7
}
